{
  "name": "filmovie",
  "lockfileVersion": 2,
  "requires": true,
  "packages": {
    "": {
      "dependencies": {
        "@fontsource/cabin": "^4.5.10",
        "@fontsource/chewy": "^4.5.7",
        "@fontsource/gidugu": "^4.5.8",
        "@fontsource/glory": "^4.5.12"
      }
    },
    "node_modules/@fontsource/cabin": {
      "version": "4.5.10",
      "resolved": "https://registry.npmjs.org/@fontsource/cabin/-/cabin-4.5.10.tgz",
      "integrity": "sha512-nZWikOWwI6ONqDJco+pplHKqKCQlGdLo90eTT/Yp2lDAG1cKgXsRXEmU0KTsH3AUHO8lxXRHBPONoHSqyt8HmQ=="
    },
    "node_modules/@fontsource/chewy": {
      "version": "4.5.7",
      "resolved": "https://registry.npmjs.org/@fontsource/chewy/-/chewy-4.5.7.tgz",
      "integrity": "sha512-5HxsbV9lkJsdBqLssxxwdfBjo3YF3grqwDG3dgrzv7WzZlzmzBsEAMFDJdFhPB/lPHXHbbIJojSXYeghroyRCQ=="
    },
    "node_modules/@fontsource/gidugu": {
      "version": "4.5.8",
      "resolved": "https://registry.npmjs.org/@fontsource/gidugu/-/gidugu-4.5.8.tgz",
      "integrity": "sha512-P3gr3ZzWHuFYiIOB3dtfNmUOlL9NvMV062opBUhtujIKKzq+dmmxGJo+R7h3Xyj0l5hquXeCIektl+NIpHChRA=="
    },
    "node_modules/@fontsource/glory": {
      "version": "4.5.12",
      "resolved": "https://registry.npmjs.org/@fontsource/glory/-/glory-4.5.12.tgz",
      "integrity": "sha512-exz1CGWKwTaMa0CpKc7z1y1VM/VWt0whGYxLATR+VfumNP0FVjs2FmVpi0fmacy+G7C3JsBjDd93Fr1HY+hCDw=="
    }
  },
  "dependencies": {
    "@fontsource/cabin": {
      "version": "4.5.10",
      "resolved": "https://registry.npmjs.org/@fontsource/cabin/-/cabin-4.5.10.tgz",
      "integrity": "sha512-nZWikOWwI6ONqDJco+pplHKqKCQlGdLo90eTT/Yp2lDAG1cKgXsRXEmU0KTsH3AUHO8lxXRHBPONoHSqyt8HmQ=="
    },
    "@fontsource/chewy": {
      "version": "4.5.7",
      "resolved": "https://registry.npmjs.org/@fontsource/chewy/-/chewy-4.5.7.tgz",
      "integrity": "sha512-5HxsbV9lkJsdBqLssxxwdfBjo3YF3grqwDG3dgrzv7WzZlzmzBsEAMFDJdFhPB/lPHXHbbIJojSXYeghroyRCQ=="
    },
    "@fontsource/gidugu": {
      "version": "4.5.8",
      "resolved": "https://registry.npmjs.org/@fontsource/gidugu/-/gidugu-4.5.8.tgz",
      "integrity": "sha512-P3gr3ZzWHuFYiIOB3dtfNmUOlL9NvMV062opBUhtujIKKzq+dmmxGJo+R7h3Xyj0l5hquXeCIektl+NIpHChRA=="
    },
    "@fontsource/glory": {
      "version": "4.5.12",
      "resolved": "https://registry.npmjs.org/@fontsource/glory/-/glory-4.5.12.tgz",
      "integrity": "sha512-exz1CGWKwTaMa0CpKc7z1y1VM/VWt0whGYxLATR+VfumNP0FVjs2FmVpi0fmacy+G7C3JsBjDd93Fr1HY+hCDw=="
    }
  }
}
